
Microsoft Visual Studio Solution File, Format Version 12.00
# Visual Studio Version 16
VisualStudioVersion = 16.0.30011.22
MinimumVisualStudioVersion = 10.0.40219.1
Project("{FAE04EC0-301F-11D3-BF4B-00C04F79EFBC}") = "SqrLib", "SqrLib.csproj", "{95FFA5DD-B5D3-4D89-A201-FA87CFD3361B}"
EndProject
Project("{FAE04EC0-301F-11D3-BF4B-00C04F79EFBC}") = "UnitTestSqr", "..\UnitTestSqr\UnitTestSqr.csproj", "{02C01B18-4C8B-4BDA-A2BF-F252A2421D89}"
EndProject
Global
	GlobalSection(SolutionConfigurationPlatforms) = preSolution
		Debug|Any CPU = Debug|Any CPU
		Release|Any CPU = Release|Any CPU
	EndGlobalSection
	GlobalSection(ProjectConfigurationPlatforms) = postSolution
		{95FFA5DD-B5D3-4D89-A201-FA87CFD3361B}.Debug|Any CPU.ActiveCfg = Debug|Any CPU
		{95FFA5DD-B5D3-4D89-A201-FA87CFD3361B}.Debug|Any CPU.Build.0 = Debug|Any CPU
		{95FFA5DD-B5D3-4D89-A201-FA87CFD3361B}.Release|Any CPU.ActiveCfg = Release|Any CPU
		{95FFA5DD-B5D3-4D89-A201-FA87CFD3361B}.Release|Any CPU.Build.0 = Release|Any CPU
		{02C01B18-4C8B-4BDA-A2BF-F252A2421D89}.Debug|Any CPU.ActiveCfg = Debug|Any CPU
		{02C01B18-4C8B-4BDA-A2BF-F252A2421D89}.Debug|Any CPU.Build.0 = Debug|Any CPU
		{02C01B18-4C8B-4BDA-A2BF-F252A2421D89}.Release|Any CPU.ActiveCfg = Release|Any CPU
		{02C01B18-4C8B-4BDA-A2BF-F252A2421D89}.Release|Any CPU.Build.0 = Release|Any CPU
	EndGlobalSection
	GlobalSection(SolutionProperties) = preSolution
		HideSolutionNode = FALSE
	EndGlobalSection
	GlobalSection(ExtensibilityGlobals) = postSolution
		SolutionGuid = {4D9DC4B7-4BAD-4E70-B4DD-F157DDDEBDA5}
	EndGlobalSection
EndGlobal
